
Microsoft Visual Studio Solution File, Format Version 12.00
# Visual Studio Version 17
VisualStudioVersion = 17.8.34408.163
MinimumVisualStudioVersion = 10.0.40219.1
Project("{9A19103F-16F7-4668-BE54-9A1E7A4F7556}") = "01. Fibonacci", "01. Fibonacci\01. Fibonacci.csproj", "{2691F3BC-895D-4742-B17D-10110A0ED2EB}"
EndProject
Project("{FAE04EC0-301F-11D3-BF4B-00C04F79EFBC}") = "02.Move Down_Right", "02.Move Down_Right\02.Move Down_Right.csproj", "{95199FD1-E5E8-4B94-B11A-72FE28B3384A}"
EndProject
Global
	GlobalSection(SolutionConfigurationPlatforms) = preSolution
		Debug|Any CPU = Debug|Any CPU
		Release|Any CPU = Release|Any CPU
	EndGlobalSection
	GlobalSection(ProjectConfigurationPlatforms) = postSolution
		{2691F3BC-895D-4742-B17D-10110A0ED2EB}.Debug|Any CPU.ActiveCfg = Debug|Any CPU
		{2691F3BC-895D-4742-B17D-10110A0ED2EB}.Debug|Any CPU.Build.0 = Debug|Any CPU
		{2691F3BC-895D-4742-B17D-10110A0ED2EB}.Release|Any CPU.ActiveCfg = Release|Any CPU
		{2691F3BC-895D-4742-B17D-10110A0ED2EB}.Release|Any CPU.Build.0 = Release|Any CPU
		{95199FD1-E5E8-4B94-B11A-72FE28B3384A}.Debug|Any CPU.ActiveCfg = Debug|Any CPU
		{95199FD1-E5E8-4B94-B11A-72FE28B3384A}.Debug|Any CPU.Build.0 = Debug|Any CPU
		{95199FD1-E5E8-4B94-B11A-72FE28B3384A}.Release|Any CPU.ActiveCfg = Release|Any CPU
		{95199FD1-E5E8-4B94-B11A-72FE28B3384A}.Release|Any CPU.Build.0 = Release|Any CPU
	EndGlobalSection
	GlobalSection(SolutionProperties) = preSolution
		HideSolutionNode = FALSE
	EndGlobalSection
	GlobalSection(ExtensibilityGlobals) = postSolution
		SolutionGuid = {F7CCB6E8-F458-4690-A040-3B9522761A39}
	EndGlobalSection
EndGlobal
