
Microsoft Visual Studio Solution File, Format Version 12.00
# Visual Studio Version 17
VisualStudioVersion = 17.8.34330.188
MinimumVisualStudioVersion = 10.0.40219.1
Project("{9A19103F-16F7-4668-BE54-9A1E7A4F7556}") = "UpsAndDowns", "UpsAndDowns.csproj", "{15E2DCE1-86C1-4BE6-9604-F38F185559FF}"
EndProject
Project("{9A19103F-16F7-4668-BE54-9A1E7A4F7556}") = "IntervalWithMaxSum", "..\IntervalWithMaxSum\IntervalWithMaxSum.csproj", "{FDA46AB9-045B-455E-8DD5-2235E96052C8}"
EndProject
Project("{9A19103F-16F7-4668-BE54-9A1E7A4F7556}") = "IsThereCycle", "..\IsThereCycle\IsThereCycle.csproj", "{D49075B6-2512-4BC4-9CC7-4459EDE81852}"
EndProject
Project("{9A19103F-16F7-4668-BE54-9A1E7A4F7556}") = "TripletsWithSumZero", "..\TripletsWithSumZero\TripletsWithSumZero.csproj", "{A94D2E36-939A-4FAD-9BD6-4338B36E8522}"
EndProject
Project("{9A19103F-16F7-4668-BE54-9A1E7A4F7556}") = "RepeatingElementInArray", "..\RepeatingElementInArray\RepeatingElementInArray.csproj", "{BC865FFE-6CB5-4605-A18B-335B9912E728}"
EndProject
Project("{9A19103F-16F7-4668-BE54-9A1E7A4F7556}") = "NonrepeatingElementInArray", "..\NonrepeatingElementInArray\NonrepeatingElementInArray.csproj", "{726EB71F-93FC-4972-AA6A-CA564B754DA1}"
EndProject
Project("{9A19103F-16F7-4668-BE54-9A1E7A4F7556}") = "NonrepeatingElementInArrayV2", "..\NonrepeatingElementInArrayV2\NonrepeatingElementInArrayV2.csproj", "{4947FA1D-FA00-441F-98AB-F60AEB3EE183}"
EndProject
Project("{9A19103F-16F7-4668-BE54-9A1E7A4F7556}") = "OnlyOneNumRepeats", "..\OnlyOneNumRepeats\OnlyOneNumRepeats.csproj", "{73BACE61-3D7A-4221-A6D8-EF7F1D830ECC}"
EndProject
Project("{9A19103F-16F7-4668-BE54-9A1E7A4F7556}") = "MissingNumber", "..\MissingNumber\MissingNumber.csproj", "{03D492A3-BF90-4B40-8348-E638BADD92BB}"
EndProject
Project("{9A19103F-16F7-4668-BE54-9A1E7A4F7556}") = "ShufflingNumbers", "..\ShufflingNumbers\ShufflingNumbers.csproj", "{D958D9ED-9E51-4FEE-A38D-E11FAFD63FAA}"
EndProject
Project("{9A19103F-16F7-4668-BE54-9A1E7A4F7556}") = "TwentyOne", "..\TwentyOne\TwentyOne.csproj", "{C21E37DF-667F-4C2F-A032-9AB9E9862BAC}"
EndProject
Project("{9A19103F-16F7-4668-BE54-9A1E7A4F7556}") = "MissingNaturalNumber", "..\MissingNaturalNumber\MissingNaturalNumber.csproj", "{F04222F9-55FC-42B7-A25E-27DD197DB21C}"
EndProject
Project("{9A19103F-16F7-4668-BE54-9A1E7A4F7556}") = "MissingNumInSortedArray", "..\MissingNumInSortedArray\MissingNumInSortedArray.csproj", "{C6320C4F-64F4-47D0-9D78-EA487D42D5D2}"
EndProject
Project("{9A19103F-16F7-4668-BE54-9A1E7A4F7556}") = "RemovingDublicates", "..\RemovingDublicates\RemovingDublicates.csproj", "{9AB73AE6-A54F-4A72-A8CE-8BD9FD94564F}"
EndProject
Project("{9A19103F-16F7-4668-BE54-9A1E7A4F7556}") = "FindBiggestNumsThatArePresentAtLeastTwice", "..\FindBiggestNumsThatArePresentAtLeastTwice\FindBiggestNumsThatArePresentAtLeastTwice.csproj", "{EC86D596-B2C1-49F5-8CD3-BC604D8C6ECE}"
EndProject
Project("{9A19103F-16F7-4668-BE54-9A1E7A4F7556}") = "MultiplicationArrayNums", "..\MultiplicationArrayNums\MultiplicationArrayNums.csproj", "{BBD018FF-C7A4-4A22-A0BD-732C8A82E1AB}"
EndProject
Project("{9A19103F-16F7-4668-BE54-9A1E7A4F7556}") = "WatchPointersAngle", "..\WatchPointersAngle\WatchPointersAngle.csproj", "{EAEE9B49-82BC-458F-9455-8CC00D3A88FB}"
EndProject
Project("{9A19103F-16F7-4668-BE54-9A1E7A4F7556}") = "DynamicOptimization", "..\DynamicOptimization\DynamicOptimization.csproj", "{440E9C09-E512-4F2D-ACBA-FA12E0F1954F}"
EndProject
Project("{9A19103F-16F7-4668-BE54-9A1E7A4F7556}") = "InterceptingEvents", "..\InterceptingEvents\InterceptingEvents.csproj", "{FAE06C80-4BA0-4D29-B26E-85B6D09A7E4A}"
EndProject
Project("{9A19103F-16F7-4668-BE54-9A1E7A4F7556}") = "StepsVariations", "..\StepsVariations\StepsVariations.csproj", "{178C15E4-953B-4A71-9E59-E76B5780D915}"
EndProject
Project("{9A19103F-16F7-4668-BE54-9A1E7A4F7556}") = "TextAndThreeStrings", "..\TextAndThreeStrings\TextAndThreeStrings.csproj", "{80D0FE9C-0204-4B6F-88A2-5BBE8E6F0DB8}"
EndProject
Project("{9A19103F-16F7-4668-BE54-9A1E7A4F7556}") = "TwoNumbersInArray", "..\TwoNumbersInArray\TwoNumbersInArray.csproj", "{A7600EBD-64AF-462E-8BC8-A4FA91074833}"
EndProject
Project("{9A19103F-16F7-4668-BE54-9A1E7A4F7556}") = "Majorant", "..\Majorant\Majorant.csproj", "{7FD3002C-AD61-45AE-8414-7B336618E820}"
EndProject
Project("{9A19103F-16F7-4668-BE54-9A1E7A4F7556}") = "WhenLightBulbsBreak", "..\WhenLightBulbsBreak\WhenLightBulbsBreak.csproj", "{A16D08B6-2A7C-41BD-8E76-F1E0240F866B}"
EndProject
Project("{FAE04EC0-301F-11D3-BF4B-00C04F79EFBC}") = "SubstringFromTwoSymbols", "..\SubstringFromTwoSymbols\SubstringFromTwoSymbols.csproj", "{C8901D47-E6BA-45F4-8F65-19FF81156A79}"
EndProject
Global
	GlobalSection(SolutionConfigurationPlatforms) = preSolution
		Debug|Any CPU = Debug|Any CPU
		Release|Any CPU = Release|Any CPU
	EndGlobalSection
	GlobalSection(ProjectConfigurationPlatforms) = postSolution
		{15E2DCE1-86C1-4BE6-9604-F38F185559FF}.Debug|Any CPU.ActiveCfg = Debug|Any CPU
		{15E2DCE1-86C1-4BE6-9604-F38F185559FF}.Debug|Any CPU.Build.0 = Debug|Any CPU
		{15E2DCE1-86C1-4BE6-9604-F38F185559FF}.Release|Any CPU.ActiveCfg = Release|Any CPU
		{15E2DCE1-86C1-4BE6-9604-F38F185559FF}.Release|Any CPU.Build.0 = Release|Any CPU
		{FDA46AB9-045B-455E-8DD5-2235E96052C8}.Debug|Any CPU.ActiveCfg = Debug|Any CPU
		{FDA46AB9-045B-455E-8DD5-2235E96052C8}.Debug|Any CPU.Build.0 = Debug|Any CPU
		{FDA46AB9-045B-455E-8DD5-2235E96052C8}.Release|Any CPU.ActiveCfg = Release|Any CPU
		{FDA46AB9-045B-455E-8DD5-2235E96052C8}.Release|Any CPU.Build.0 = Release|Any CPU
		{D49075B6-2512-4BC4-9CC7-4459EDE81852}.Debug|Any CPU.ActiveCfg = Debug|Any CPU
		{D49075B6-2512-4BC4-9CC7-4459EDE81852}.Debug|Any CPU.Build.0 = Debug|Any CPU
		{D49075B6-2512-4BC4-9CC7-4459EDE81852}.Release|Any CPU.ActiveCfg = Release|Any CPU
		{D49075B6-2512-4BC4-9CC7-4459EDE81852}.Release|Any CPU.Build.0 = Release|Any CPU
		{A94D2E36-939A-4FAD-9BD6-4338B36E8522}.Debug|Any CPU.ActiveCfg = Debug|Any CPU
		{A94D2E36-939A-4FAD-9BD6-4338B36E8522}.Debug|Any CPU.Build.0 = Debug|Any CPU
		{A94D2E36-939A-4FAD-9BD6-4338B36E8522}.Release|Any CPU.ActiveCfg = Release|Any CPU
		{A94D2E36-939A-4FAD-9BD6-4338B36E8522}.Release|Any CPU.Build.0 = Release|Any CPU
		{BC865FFE-6CB5-4605-A18B-335B9912E728}.Debug|Any CPU.ActiveCfg = Debug|Any CPU
		{BC865FFE-6CB5-4605-A18B-335B9912E728}.Debug|Any CPU.Build.0 = Debug|Any CPU
		{BC865FFE-6CB5-4605-A18B-335B9912E728}.Release|Any CPU.ActiveCfg = Release|Any CPU
		{BC865FFE-6CB5-4605-A18B-335B9912E728}.Release|Any CPU.Build.0 = Release|Any CPU
		{726EB71F-93FC-4972-AA6A-CA564B754DA1}.Debug|Any CPU.ActiveCfg = Debug|Any CPU
		{726EB71F-93FC-4972-AA6A-CA564B754DA1}.Debug|Any CPU.Build.0 = Debug|Any CPU
		{726EB71F-93FC-4972-AA6A-CA564B754DA1}.Release|Any CPU.ActiveCfg = Release|Any CPU
		{726EB71F-93FC-4972-AA6A-CA564B754DA1}.Release|Any CPU.Build.0 = Release|Any CPU
		{4947FA1D-FA00-441F-98AB-F60AEB3EE183}.Debug|Any CPU.ActiveCfg = Debug|Any CPU
		{4947FA1D-FA00-441F-98AB-F60AEB3EE183}.Debug|Any CPU.Build.0 = Debug|Any CPU
		{4947FA1D-FA00-441F-98AB-F60AEB3EE183}.Release|Any CPU.ActiveCfg = Release|Any CPU
		{4947FA1D-FA00-441F-98AB-F60AEB3EE183}.Release|Any CPU.Build.0 = Release|Any CPU
		{73BACE61-3D7A-4221-A6D8-EF7F1D830ECC}.Debug|Any CPU.ActiveCfg = Debug|Any CPU
		{73BACE61-3D7A-4221-A6D8-EF7F1D830ECC}.Debug|Any CPU.Build.0 = Debug|Any CPU
		{73BACE61-3D7A-4221-A6D8-EF7F1D830ECC}.Release|Any CPU.ActiveCfg = Release|Any CPU
		{73BACE61-3D7A-4221-A6D8-EF7F1D830ECC}.Release|Any CPU.Build.0 = Release|Any CPU
		{03D492A3-BF90-4B40-8348-E638BADD92BB}.Debug|Any CPU.ActiveCfg = Debug|Any CPU
		{03D492A3-BF90-4B40-8348-E638BADD92BB}.Debug|Any CPU.Build.0 = Debug|Any CPU
		{03D492A3-BF90-4B40-8348-E638BADD92BB}.Release|Any CPU.ActiveCfg = Release|Any CPU
		{03D492A3-BF90-4B40-8348-E638BADD92BB}.Release|Any CPU.Build.0 = Release|Any CPU
		{D958D9ED-9E51-4FEE-A38D-E11FAFD63FAA}.Debug|Any CPU.ActiveCfg = Debug|Any CPU
		{D958D9ED-9E51-4FEE-A38D-E11FAFD63FAA}.Debug|Any CPU.Build.0 = Debug|Any CPU
		{D958D9ED-9E51-4FEE-A38D-E11FAFD63FAA}.Release|Any CPU.ActiveCfg = Release|Any CPU
		{D958D9ED-9E51-4FEE-A38D-E11FAFD63FAA}.Release|Any CPU.Build.0 = Release|Any CPU
		{C21E37DF-667F-4C2F-A032-9AB9E9862BAC}.Debug|Any CPU.ActiveCfg = Debug|Any CPU
		{C21E37DF-667F-4C2F-A032-9AB9E9862BAC}.Debug|Any CPU.Build.0 = Debug|Any CPU
		{C21E37DF-667F-4C2F-A032-9AB9E9862BAC}.Release|Any CPU.ActiveCfg = Release|Any CPU
		{C21E37DF-667F-4C2F-A032-9AB9E9862BAC}.Release|Any CPU.Build.0 = Release|Any CPU
		{F04222F9-55FC-42B7-A25E-27DD197DB21C}.Debug|Any CPU.ActiveCfg = Debug|Any CPU
		{F04222F9-55FC-42B7-A25E-27DD197DB21C}.Debug|Any CPU.Build.0 = Debug|Any CPU
		{F04222F9-55FC-42B7-A25E-27DD197DB21C}.Release|Any CPU.ActiveCfg = Release|Any CPU
		{F04222F9-55FC-42B7-A25E-27DD197DB21C}.Release|Any CPU.Build.0 = Release|Any CPU
		{C6320C4F-64F4-47D0-9D78-EA487D42D5D2}.Debug|Any CPU.ActiveCfg = Debug|Any CPU
		{C6320C4F-64F4-47D0-9D78-EA487D42D5D2}.Debug|Any CPU.Build.0 = Debug|Any CPU
		{C6320C4F-64F4-47D0-9D78-EA487D42D5D2}.Release|Any CPU.ActiveCfg = Release|Any CPU
		{C6320C4F-64F4-47D0-9D78-EA487D42D5D2}.Release|Any CPU.Build.0 = Release|Any CPU
		{9AB73AE6-A54F-4A72-A8CE-8BD9FD94564F}.Debug|Any CPU.ActiveCfg = Debug|Any CPU
		{9AB73AE6-A54F-4A72-A8CE-8BD9FD94564F}.Debug|Any CPU.Build.0 = Debug|Any CPU
		{9AB73AE6-A54F-4A72-A8CE-8BD9FD94564F}.Release|Any CPU.ActiveCfg = Release|Any CPU
		{9AB73AE6-A54F-4A72-A8CE-8BD9FD94564F}.Release|Any CPU.Build.0 = Release|Any CPU
		{EC86D596-B2C1-49F5-8CD3-BC604D8C6ECE}.Debug|Any CPU.ActiveCfg = Debug|Any CPU
		{EC86D596-B2C1-49F5-8CD3-BC604D8C6ECE}.Debug|Any CPU.Build.0 = Debug|Any CPU
		{EC86D596-B2C1-49F5-8CD3-BC604D8C6ECE}.Release|Any CPU.ActiveCfg = Release|Any CPU
		{EC86D596-B2C1-49F5-8CD3-BC604D8C6ECE}.Release|Any CPU.Build.0 = Release|Any CPU
		{BBD018FF-C7A4-4A22-A0BD-732C8A82E1AB}.Debug|Any CPU.ActiveCfg = Debug|Any CPU
		{BBD018FF-C7A4-4A22-A0BD-732C8A82E1AB}.Debug|Any CPU.Build.0 = Debug|Any CPU
		{BBD018FF-C7A4-4A22-A0BD-732C8A82E1AB}.Release|Any CPU.ActiveCfg = Release|Any CPU
		{BBD018FF-C7A4-4A22-A0BD-732C8A82E1AB}.Release|Any CPU.Build.0 = Release|Any CPU
		{EAEE9B49-82BC-458F-9455-8CC00D3A88FB}.Debug|Any CPU.ActiveCfg = Debug|Any CPU
		{EAEE9B49-82BC-458F-9455-8CC00D3A88FB}.Debug|Any CPU.Build.0 = Debug|Any CPU
		{EAEE9B49-82BC-458F-9455-8CC00D3A88FB}.Release|Any CPU.ActiveCfg = Release|Any CPU
		{EAEE9B49-82BC-458F-9455-8CC00D3A88FB}.Release|Any CPU.Build.0 = Release|Any CPU
		{440E9C09-E512-4F2D-ACBA-FA12E0F1954F}.Debug|Any CPU.ActiveCfg = Debug|Any CPU
		{440E9C09-E512-4F2D-ACBA-FA12E0F1954F}.Debug|Any CPU.Build.0 = Debug|Any CPU
		{440E9C09-E512-4F2D-ACBA-FA12E0F1954F}.Release|Any CPU.ActiveCfg = Release|Any CPU
		{440E9C09-E512-4F2D-ACBA-FA12E0F1954F}.Release|Any CPU.Build.0 = Release|Any CPU
		{FAE06C80-4BA0-4D29-B26E-85B6D09A7E4A}.Debug|Any CPU.ActiveCfg = Debug|Any CPU
		{FAE06C80-4BA0-4D29-B26E-85B6D09A7E4A}.Debug|Any CPU.Build.0 = Debug|Any CPU
		{FAE06C80-4BA0-4D29-B26E-85B6D09A7E4A}.Release|Any CPU.ActiveCfg = Release|Any CPU
		{FAE06C80-4BA0-4D29-B26E-85B6D09A7E4A}.Release|Any CPU.Build.0 = Release|Any CPU
		{178C15E4-953B-4A71-9E59-E76B5780D915}.Debug|Any CPU.ActiveCfg = Debug|Any CPU
		{178C15E4-953B-4A71-9E59-E76B5780D915}.Debug|Any CPU.Build.0 = Debug|Any CPU
		{178C15E4-953B-4A71-9E59-E76B5780D915}.Release|Any CPU.ActiveCfg = Release|Any CPU
		{178C15E4-953B-4A71-9E59-E76B5780D915}.Release|Any CPU.Build.0 = Release|Any CPU
		{80D0FE9C-0204-4B6F-88A2-5BBE8E6F0DB8}.Debug|Any CPU.ActiveCfg = Debug|Any CPU
		{80D0FE9C-0204-4B6F-88A2-5BBE8E6F0DB8}.Debug|Any CPU.Build.0 = Debug|Any CPU
		{80D0FE9C-0204-4B6F-88A2-5BBE8E6F0DB8}.Release|Any CPU.ActiveCfg = Release|Any CPU
		{80D0FE9C-0204-4B6F-88A2-5BBE8E6F0DB8}.Release|Any CPU.Build.0 = Release|Any CPU
		{A7600EBD-64AF-462E-8BC8-A4FA91074833}.Debug|Any CPU.ActiveCfg = Debug|Any CPU
		{A7600EBD-64AF-462E-8BC8-A4FA91074833}.Debug|Any CPU.Build.0 = Debug|Any CPU
		{A7600EBD-64AF-462E-8BC8-A4FA91074833}.Release|Any CPU.ActiveCfg = Release|Any CPU
		{A7600EBD-64AF-462E-8BC8-A4FA91074833}.Release|Any CPU.Build.0 = Release|Any CPU
		{7FD3002C-AD61-45AE-8414-7B336618E820}.Debug|Any CPU.ActiveCfg = Debug|Any CPU
		{7FD3002C-AD61-45AE-8414-7B336618E820}.Debug|Any CPU.Build.0 = Debug|Any CPU
		{7FD3002C-AD61-45AE-8414-7B336618E820}.Release|Any CPU.ActiveCfg = Release|Any CPU
		{7FD3002C-AD61-45AE-8414-7B336618E820}.Release|Any CPU.Build.0 = Release|Any CPU
		{A16D08B6-2A7C-41BD-8E76-F1E0240F866B}.Debug|Any CPU.ActiveCfg = Debug|Any CPU
		{A16D08B6-2A7C-41BD-8E76-F1E0240F866B}.Debug|Any CPU.Build.0 = Debug|Any CPU
		{A16D08B6-2A7C-41BD-8E76-F1E0240F866B}.Release|Any CPU.ActiveCfg = Release|Any CPU
		{A16D08B6-2A7C-41BD-8E76-F1E0240F866B}.Release|Any CPU.Build.0 = Release|Any CPU
		{C8901D47-E6BA-45F4-8F65-19FF81156A79}.Debug|Any CPU.ActiveCfg = Debug|Any CPU
		{C8901D47-E6BA-45F4-8F65-19FF81156A79}.Debug|Any CPU.Build.0 = Debug|Any CPU
		{C8901D47-E6BA-45F4-8F65-19FF81156A79}.Release|Any CPU.ActiveCfg = Release|Any CPU
		{C8901D47-E6BA-45F4-8F65-19FF81156A79}.Release|Any CPU.Build.0 = Release|Any CPU
	EndGlobalSection
	GlobalSection(SolutionProperties) = preSolution
		HideSolutionNode = FALSE
	EndGlobalSection
	GlobalSection(ExtensibilityGlobals) = postSolution
		SolutionGuid = {A69434BA-92FE-4CCC-899F-B3B0DFDB12AD}
	EndGlobalSection
EndGlobal
